Microsoft Visual Studio Solution File, Format Version 12.00
# Visual Studio 15
Project("{8BC9CEB8-8B4A-11D0-8D11-00A0C91BC942}") = "ALL_BUILD", "ALL_BUILD.vcxproj", "{F41909C0-6407-38F1-A922-C5FE9EE696AE}"
	ProjectSection(ProjectDependencies) = postProject
		{ED642744-1316-3767-867A-4B697DA2AC2F} = {ED642744-1316-3767-867A-4B697DA2AC2F}
		{2E93588F-B874-31FA-8129-0F39D0E92497} = {2E93588F-B874-31FA-8129-0F39D0E92497}
	EndProjectSection
EndProject
Project("{8BC9CEB8-8B4A-11D0-8D11-00A0C91BC942}") = "ZERO_CHECK", "..\\ZERO_CHECK.vcxproj", "{ED642744-1316-3767-867A-4B697DA2AC2F}"
	ProjectSection(ProjectDependencies) = postProject
	EndProjectSection
EndProject
Project("{8BC9CEB8-8B4A-11D0-8D11-00A0C91BC942}") = "octree_change_detection", "octree_change_detection.vcxproj", "{2E93588F-B874-31FA-8129-0F39D0E92497}"
	ProjectSection(ProjectDependencies) = postProject
		{ED642744-1316-3767-867A-4B697DA2AC2F} = {ED642744-1316-3767-867A-4B697DA2AC2F}
	EndProjectSection
EndProject
Global
	GlobalSection(SolutionConfigurationPlatforms) = preSolution
		Debug|x64 = Debug|x64
		Release|x64 = Release|x64
	EndGlobalSection
	GlobalSection(ProjectConfigurationPlatforms) = postSolution
		{F41909C0-6407-38F1-A922-C5FE9EE696AE}.Debug|x64.ActiveCfg = Debug|x64
		{F41909C0-6407-38F1-A922-C5FE9EE696AE}.Release|x64.ActiveCfg = Release|x64
		{ED642744-1316-3767-867A-4B697DA2AC2F}.Debug|x64.ActiveCfg = Debug|x64
		{ED642744-1316-3767-867A-4B697DA2AC2F}.Debug|x64.Build.0 = Debug|x64
		{ED642744-1316-3767-867A-4B697DA2AC2F}.Release|x64.ActiveCfg = Release|x64
		{ED642744-1316-3767-867A-4B697DA2AC2F}.Release|x64.Build.0 = Release|x64
		{2E93588F-B874-31FA-8129-0F39D0E92497}.Debug|x64.ActiveCfg = Debug|x64
		{2E93588F-B874-31FA-8129-0F39D0E92497}.Debug|x64.Build.0 = Debug|x64
		{2E93588F-B874-31FA-8129-0F39D0E92497}.Release|x64.ActiveCfg = Release|x64
		{2E93588F-B874-31FA-8129-0F39D0E92497}.Release|x64.Build.0 = Release|x64
	EndGlobalSection
	GlobalSection(ExtensibilityGlobals) = postSolution
		SolutionGuid = {F990A0F5-C43F-3B67-B118-3708E5B5E372}
	EndGlobalSection
	GlobalSection(ExtensibilityAddIns) = postSolution
	EndGlobalSection
EndGlobal
