Microsoft Visual Studio Solution File, Format Version 12.00
# Visual Studio 15
Project("{8BC9CEB8-8B4A-11D0-8D11-00A0C91BC942}") = "ALL_BUILD", "ALL_BUILD.vcxproj", "{F41909C0-6407-38F1-A922-C5FE9EE696AE}"
	ProjectSection(ProjectDependencies) = postProject
		{ED642744-1316-3767-867A-4B697DA2AC2F} = {ED642744-1316-3767-867A-4B697DA2AC2F}
		{22ED85D9-8147-3FD7-8915-8D2312668734} = {22ED85D9-8147-3FD7-8915-8D2312668734}
		{523A163A-6C5D-367A-AF66-E22439691340} = {523A163A-6C5D-367A-AF66-E22439691340}
	EndProjectSection
EndProject
Project("{8BC9CEB8-8B4A-11D0-8D11-00A0C91BC942}") = "ZERO_CHECK", "..\\ZERO_CHECK.vcxproj", "{ED642744-1316-3767-867A-4B697DA2AC2F}"
	ProjectSection(ProjectDependencies) = postProject
	EndProjectSection
EndProject
Project("{8BC9CEB8-8B4A-11D0-8D11-00A0C91BC942}") = "build_tree", "build_tree.vcxproj", "{22ED85D9-8147-3FD7-8915-8D2312668734}"
	ProjectSection(ProjectDependencies) = postProject
		{ED642744-1316-3767-867A-4B697DA2AC2F} = {ED642744-1316-3767-867A-4B697DA2AC2F}
	EndProjectSection
EndProject
Project("{8BC9CEB8-8B4A-11D0-8D11-00A0C91BC942}") = "nearest_neighbors", "nearest_neighbors.vcxproj", "{523A163A-6C5D-367A-AF66-E22439691340}"
	ProjectSection(ProjectDependencies) = postProject
		{ED642744-1316-3767-867A-4B697DA2AC2F} = {ED642744-1316-3767-867A-4B697DA2AC2F}
	EndProjectSection
EndProject
Global
	GlobalSection(SolutionConfigurationPlatforms) = preSolution
		Debug|x64 = Debug|x64
		Release|x64 = Release|x64
	EndGlobalSection
	GlobalSection(ProjectConfigurationPlatforms) = postSolution
		{F41909C0-6407-38F1-A922-C5FE9EE696AE}.Debug|x64.ActiveCfg = Debug|x64
		{F41909C0-6407-38F1-A922-C5FE9EE696AE}.Release|x64.ActiveCfg = Release|x64
		{ED642744-1316-3767-867A-4B697DA2AC2F}.Debug|x64.ActiveCfg = Debug|x64
		{ED642744-1316-3767-867A-4B697DA2AC2F}.Debug|x64.Build.0 = Debug|x64
		{ED642744-1316-3767-867A-4B697DA2AC2F}.Release|x64.ActiveCfg = Release|x64
		{ED642744-1316-3767-867A-4B697DA2AC2F}.Release|x64.Build.0 = Release|x64
		{22ED85D9-8147-3FD7-8915-8D2312668734}.Debug|x64.ActiveCfg = Debug|x64
		{22ED85D9-8147-3FD7-8915-8D2312668734}.Debug|x64.Build.0 = Debug|x64
		{22ED85D9-8147-3FD7-8915-8D2312668734}.Release|x64.ActiveCfg = Release|x64
		{22ED85D9-8147-3FD7-8915-8D2312668734}.Release|x64.Build.0 = Release|x64
		{523A163A-6C5D-367A-AF66-E22439691340}.Debug|x64.ActiveCfg = Debug|x64
		{523A163A-6C5D-367A-AF66-E22439691340}.Debug|x64.Build.0 = Debug|x64
		{523A163A-6C5D-367A-AF66-E22439691340}.Release|x64.ActiveCfg = Release|x64
		{523A163A-6C5D-367A-AF66-E22439691340}.Release|x64.Build.0 = Release|x64
	EndGlobalSection
	GlobalSection(ExtensibilityGlobals) = postSolution
		SolutionGuid = {AB78560F-485C-3F3B-B579-9061F3364610}
	EndGlobalSection
	GlobalSection(ExtensibilityAddIns) = postSolution
	EndGlobalSection
EndGlobal
